
Microsoft Visual Studio Solution File, Format Version 12.00
# Visual Studio Version 17
VisualStudioVersion = 17.0.31903.59
MinimumVisualStudioVersion = 10.0.40219.1
Project("{2150E333-8FDC-42A3-9474-1A3956D46DE8}") = "src", "src", "{2EB27FB9-C30E-4D88-A03E-271F52F7BF2B}"
EndProject
Project("{FAE04EC0-301F-11D3-BF4B-00C04F79EFBC}") = "CodexRateLimitTray.Core", "src\CodexRateLimitTray.Core\CodexRateLimitTray.Core.csproj", "{7DA977EE-D222-4D4F-B093-8389028F8C5D}"
EndProject
Project("{FAE04EC0-301F-11D3-BF4B-00C04F79EFBC}") = "CodexRateLimitTray", "src\CodexRateLimitTray\CodexRateLimitTray.csproj", "{B2A8E73D-9BEB-457D-887D-126F660E91CA}"
EndProject
Project("{2150E333-8FDC-42A3-9474-1A3956D46DE8}") = "tests", "tests", "{2370A354-6FF4-4A03-BDF6-DFE14E4BB7D6}"
EndProject
Project("{FAE04EC0-301F-11D3-BF4B-00C04F79EFBC}") = "CodexRateLimitTray.Tests", "tests\CodexRateLimitTray.Tests\CodexRateLimitTray.Tests.csproj", "{9E625F8B-84F5-4238-9C85-35E29350C4D8}"
EndProject
Global
	GlobalSection(SolutionConfigurationPlatforms) = preSolution
		Debug|Any CPU = Debug|Any CPU
		Release|Any CPU = Release|Any CPU
	EndGlobalSection
	GlobalSection(SolutionProperties) = preSolution
		HideSolutionNode = FALSE
	EndGlobalSection
	GlobalSection(ProjectConfigurationPlatforms) = postSolution
		{7DA977EE-D222-4D4F-B093-8389028F8C5D}.Debug|Any CPU.ActiveCfg = Debug|Any CPU
		{7DA977EE-D222-4D4F-B093-8389028F8C5D}.Debug|Any CPU.Build.0 = Debug|Any CPU
		{7DA977EE-D222-4D4F-B093-8389028F8C5D}.Release|Any CPU.ActiveCfg = Release|Any CPU
		{7DA977EE-D222-4D4F-B093-8389028F8C5D}.Release|Any CPU.Build.0 = Release|Any CPU
		{B2A8E73D-9BEB-457D-887D-126F660E91CA}.Debug|Any CPU.ActiveCfg = Debug|Any CPU
		{B2A8E73D-9BEB-457D-887D-126F660E91CA}.Debug|Any CPU.Build.0 = Debug|Any CPU
		{B2A8E73D-9BEB-457D-887D-126F660E91CA}.Release|Any CPU.ActiveCfg = Release|Any CPU
		{B2A8E73D-9BEB-457D-887D-126F660E91CA}.Release|Any CPU.Build.0 = Release|Any CPU
		{9E625F8B-84F5-4238-9C85-35E29350C4D8}.Debug|Any CPU.ActiveCfg = Debug|Any CPU
		{9E625F8B-84F5-4238-9C85-35E29350C4D8}.Debug|Any CPU.Build.0 = Debug|Any CPU
		{9E625F8B-84F5-4238-9C85-35E29350C4D8}.Release|Any CPU.ActiveCfg = Release|Any CPU
		{9E625F8B-84F5-4238-9C85-35E29350C4D8}.Release|Any CPU.Build.0 = Release|Any CPU
	EndGlobalSection
	GlobalSection(NestedProjects) = preSolution
		{7DA977EE-D222-4D4F-B093-8389028F8C5D} = {2EB27FB9-C30E-4D88-A03E-271F52F7BF2B}
		{B2A8E73D-9BEB-457D-887D-126F660E91CA} = {2EB27FB9-C30E-4D88-A03E-271F52F7BF2B}
		{9E625F8B-84F5-4238-9C85-35E29350C4D8} = {2370A354-6FF4-4A03-BDF6-DFE14E4BB7D6}
	EndGlobalSection
EndGlobal
